
Microsoft Visual Studio Solution File, Format Version 12.00
# Visual Studio Version 17
VisualStudioVersion = 17.8.34511.84
MinimumVisualStudioVersion = 10.0.40219.1
Project("{FAE04EC0-301F-11D3-BF4B-00C04F79EFBC}") = "WpfApp7", "WpfApp7\WpfApp7.csproj", "{BD5E2DDE-6C84-4D1B-9CA3-C4B07ECC8182}"
EndProject
Global
	GlobalSection(SolutionConfigurationPlatforms) = preSolution
		Debug|Any CPU = Debug|Any CPU
		Release|Any CPU = Release|Any CPU
	EndGlobalSection
	GlobalSection(ProjectConfigurationPlatforms) = postSolution
		{BD5E2DDE-6C84-4D1B-9CA3-C4B07ECC8182}.Debug|Any CPU.ActiveCfg = Debug|Any CPU
		{BD5E2DDE-6C84-4D1B-9CA3-C4B07ECC8182}.Debug|Any CPU.Build.0 = Debug|Any CPU
		{BD5E2DDE-6C84-4D1B-9CA3-C4B07ECC8182}.Release|Any CPU.ActiveCfg = Release|Any CPU
		{BD5E2DDE-6C84-4D1B-9CA3-C4B07ECC8182}.Release|Any CPU.Build.0 = Release|Any CPU
	EndGlobalSection
	GlobalSection(SolutionProperties) = preSolution
		HideSolutionNode = FALSE
	EndGlobalSection
	GlobalSection(ExtensibilityGlobals) = postSolution
		SolutionGuid = {E92B8F75-B8C0-448B-BCAD-5BDA180707A5}
	EndGlobalSection
EndGlobal
